PODS:
  - Alamofire (5.6.4)
  - Cuckoo (1.7.1):
    - Cuckoo/Swift (= 1.7.1)
  - Cuckoo/Swift (1.7.1)
  - JWTDecode (2.6.3)
  - lottie-ios (2.5.3)
  - OCMock (3.4.1)
  - RxBlocking (6.5.0):
    - RxSwift (= 6.5.0)
  - RxCocoa (6.5.0):
    - RxRelay (= 6.5.0)
    - RxSwift (= 6.5.0)
  - RxRelay (6.5.0):
    - RxSwift (= 6.5.0)
  - RxSwift (6.5.0)
  - RxTest (6.5.0):
    - RxSwift (= 6.5.0)
  - Swinject (2.8.3)

DEPENDENCIES:
  - Alamofire
  - Cuckoo (~> 1.7.0)
  - JWTDecode (= 2.6.3)
  - lottie-ios (~> 2.5.0)
  - OCMock (= 3.4.1)
  - RxBlocking (~> 6.5.0)
  - RxCocoa (~> 6.5.0)
  - RxSwift (~> 6.5.0)
  - RxTest (~> 6.5.0)
  - Swinject

SPEC REPOS:
  trunk:
    - Alamofire
    - Cuckoo
    - JWTDecode
    - lottie-ios
    - OCMock
    - RxBlocking
    - RxCocoa
    - RxRelay
    - RxSwift
    - RxTest
    - Swinject

SPEC CHECKSUMS:
  Alamofire: 4e95d97098eacb88856099c4fc79b526a299e48c
  Cuckoo: 9e258d68137c411df47c6390f72901d5276b4f03
  JWTDecode: 33e5e26e5ddbd21b2065820894c08fef0cad9509
  lottie-ios: a50d5c0160425cd4b01b852bb9578963e6d92d31
  OCMock: 2cd0716969bab32a2283ff3a46fd26a8c8b4c5e3
  RxBlocking: 04b5fd28bb5ea49f7d64b80db8bbfe50d9cc1c7d
  RxCocoa: 94f817b71c07517321eb4f9ad299112ca8af743b
  RxRelay: 1de1523e604c72b6c68feadedd1af3b1b4d0ecbd
  RxSwift: 5710a9e6b17f3c3d6e40d6e559b9fa1e813b2ef8
  RxTest: eb2d23adefc5a5ebf5779c7792fa3edfe6ebcc17
  Swinject: 893c9a543000ac2f10ee4cbaf0933c6992c935d5

PODFILE CHECKSUM: 296da9f41d63de301de0d161f1dedd286bf2111b

COCOAPODS: 1.12.0
