// !$*UTF8*$!
{
	archiveVersion = 1;
	classes = {
	};
	objectVersion = 56;
	objects = {

/* Begin PBXBuildFile section */
		C3BFC3FD29AD27680071F73A /* AppDelegate.swift in Sources */ = {isa = PBXBuildFile; fileRef = C3BFC3FC29AD27680071F73A /* AppDelegate.swift */; };
		C3BFC3FF29AD27680071F73A /* SceneDelegate.swift in Sources */ = {isa = PBXBuildFile; fileRef = C3BFC3FE29AD27680071F73A /* SceneDelegate.swift */; };
		C3BFC40129AD27680071F73A /* ViewController.swift in Sources */ = {isa = PBXBuildFile; fileRef = C3BFC40029AD27680071F73A /* ViewController.swift */; };
		C3BFC40429AD27680071F73A /* Main.storyboard in Resources */ = {isa = PBXBuildFile; fileRef = C3BFC40229AD27680071F73A /* Main.storyboard */; };
		C3BFC40629AD276A0071F73A /* Assets.xcassets in Resources */ = {isa = PBXBuildFile; fileRef = C3BFC40529AD276A0071F73A /* Assets.xcassets */; };
		C3BFC40929AD276B0071F73A /* LaunchScreen.storyboard in Resources */ = {isa = PBXBuildFile; fileRef = C3BFC40729AD276B0071F73A /* LaunchScreen.storyboard */; };
		C3BFC41429AD276B0071F73A /* TodoListAppTests.swift in Sources */ = {isa = PBXBuildFile; fileRef = C3BFC41329AD276B0071F73A /* TodoListAppTests.swift */; };
		C3BFC41E29AD276B0071F73A /* TodoListAppUITests.swift in Sources */ = {isa = PBXBuildFile; fileRef = C3BFC41D29AD276B0071F73A /* TodoListAppUITests.swift */; };
		C3BFC42029AD276B0071F73A /* TodoListAppUITestsLaunchTests.swift in Sources */ = {isa = PBXBuildFile; fileRef = C3BFC41F29AD276B0071F73A /* TodoListAppUITestsLaunchTests.swift */; };
/* End PBXBuildFile section */

/* Begin PBXContainerItemProxy section */
		C3BFC41029AD276B0071F73A /* PBXContainerItemProxy */ = {
			isa = PBXContainerItemProxy;
			containerPortal = C3BFC3F129AD27670071F73A /* Project object */;
			proxyType = 1;
			remoteGlobalIDString = C3BFC3F829AD27670071F73A;
			remoteInfo = TodoListApp;
		};
		C3BFC41A29AD276B0071F73A /* PBXContainerItemProxy */ = {
			isa = PBXContainerItemProxy;
			containerPortal = C3BFC3F129AD27670071F73A /* Project object */;
			proxyType = 1;
			remoteGlobalIDString = C3BFC3F829AD27670071F73A;
			remoteInfo = TodoListApp;
		};
/* End PBXContainerItemProxy section */

/* Begin PBXFileReference section */
		C3BFC3F929AD27680071F73A /* TodoListApp.app */ = {isa = PBXFileReference; explicitFileType = wrapper.application; includeInIndex = 0; path = TodoListApp.app; sourceTree = BUILT_PRODUCTS_DIR; };
		C3BFC3FC29AD27680071F73A /* AppDelegate.swift */ = {isa = PBXFileReference; lastKnownFileType = sourcecode.swift; path = AppDelegate.swift; sourceTree = "<group>"; };
		C3BFC3FE29AD27680071F73A /* SceneDelegate.swift */ = {isa = PBXFileReference; lastKnownFileType = sourcecode.swift; path = SceneDelegate.swift; sourceTree = "<group>"; };
		C3BFC40029AD27680071F73A /* ViewController.swift */ = {isa = PBXFileReference; lastKnownFileType = sourcecode.swift; path = ViewController.swift; sourceTree = "<group>"; };
		C3BFC40329AD27680071F73A /* Base */ = {isa = PBXFileReference; lastKnownFileType = file.storyboard; name = Base; path = Base.lproj/Main.storyboard; sourceTree = "<group>"; };
		C3BFC40529AD276A0071F73A /* Assets.xcassets */ = {isa = PBXFileReference; lastKnownFileType = folder.assetcatalog; path = Assets.xcassets; sourceTree = "<group>"; };
		C3BFC40829AD276B0071F73A /* Base */ = {isa = PBXFileReference; lastKnownFileType = file.storyboard; name = Base; path = Base.lproj/LaunchScreen.storyboard; sourceTree = "<group>"; };
		C3BFC40A29AD276B0071F73A /* Info.plist */ = {isa = PBXFileReference; lastKnownFileType = text.plist.xml; path = Info.plist; sourceTree = "<group>"; };
		C3BFC40F29AD276B0071F73A /* TodoListAppTests.xctest */ = {isa = PBXFileReference; explicitFileType = wrapper.cfbundle; includeInIndex = 0; path = TodoListAppTests.xctest; sourceTree = BUILT_PRODUCTS_DIR; };
		C3BFC41329AD276B0071F73A /* TodoListAppTests.swift */ = {isa = PBXFileReference; lastKnownFileType = sourcecode.swift; path = TodoListAppTests.swift; sourceTree = "<group>"; };
		C3BFC41929AD276B0071F73A /* TodoListAppUITests.xctest */ = {isa = PBXFileReference; explicitFileType = wrapper.cfbundle; includeInIndex = 0; path = TodoListAppUITests.xctest; sourceTree = BUILT_PRODUCTS_DIR; };
		C3BFC41D29AD276B0071F73A /* TodoListAppUITests.swift */ = {isa = PBXFileReference; lastKnownFileType = sourcecode.swift; path = TodoListAppUITests.swift; sourceTree = "<group>"; };
		C3BFC41F29AD276B0071F73A /* TodoListAppUITestsLaunchTests.swift */ = {isa = PBXFileReference; lastKnownFileType = sourcecode.swift; path = TodoListAppUITestsLaunchTests.swift; sourceTree = "<group>"; };
/* End PBXFileReference section */

/* Begin PBXFrameworksBuildPhase section */
		C3BFC3F629AD27670071F73A /* Frameworks */ = {
			isa = PBXFrameworksBuildPhase;
			buildActionMask = 2147483647;
			files = (
			);
			runOnlyForDeploymentPostprocessing = 0;
		};
		C3BFC40C29AD276B0071F73A /* Frameworks */ = {
			isa = PBXFrameworksBuildPhase;
			buildActionMask = 2147483647;
			files = (
			);
			runOnlyForDeploymentPostprocessing = 0;
		};
		C3BFC41629AD276B0071F73A /* Frameworks */ = {
			isa = PBXFrameworksBuildPhase;
			buildActionMask = 2147483647;
			files = (
			);
			runOnlyForDeploymentPostprocessing = 0;
		};
/* End PBXFrameworksBuildPhase section */

/* Begin PBXGroup section */
		C3BFC3F029AD27670071F73A = {
			isa = PBXGroup;
			children = (
				C3BFC3FB29AD27680071F73A /* TodoListApp */,
				C3BFC41229AD276B0071F73A /* TodoListAppTests */,
				C3BFC41C29AD276B0071F73A /* TodoListAppUITests */,
				C3BFC3FA29AD27680071F73A /* Products */,
			);
			sourceTree = "<group>";
		};
		C3BFC3FA29AD27680071F73A /* Products */ = {
			isa = PBXGroup;
			children = (
				C3BFC3F929AD27680071F73A /* TodoListApp.app */,
				C3BFC40F29AD276B0071F73A /* TodoListAppTests.xctest */,
				C3BFC41929AD276B0071F73A /* TodoListAppUITests.xctest */,
			);
			name = Products;
			sourceTree = "<group>";
		};
		C3BFC3FB29AD27680071F73A /* TodoListApp */ = {
			isa = PBXGroup;
			children = (
				C3BFC42C29AD49250071F73A /* Todo List */,
				C3BFC3FC29AD27680071F73A /* AppDelegate.swift */,
				C3BFC3FE29AD27680071F73A /* SceneDelegate.swift */,
				C3BFC40029AD27680071F73A /* ViewController.swift */,
				C3BFC40229AD27680071F73A /* Main.storyboard */,
				C3BFC40529AD276A0071F73A /* Assets.xcassets */,
				C3BFC40729AD276B0071F73A /* LaunchScreen.storyboard */,
				C3BFC40A29AD276B0071F73A /* Info.plist */,
			);
			path = TodoListApp;
			sourceTree = "<group>";
		};
		C3BFC41229AD276B0071F73A /* TodoListAppTests */ = {
			isa = PBXGroup;
			children = (
				C3BFC41329AD276B0071F73A /* TodoListAppTests.swift */,
			);
			path = TodoListAppTests;
			sourceTree = "<group>";
		};
		C3BFC41C29AD276B0071F73A /* TodoListAppUITests */ = {
			isa = PBXGroup;
			children = (
				C3BFC41D29AD276B0071F73A /* TodoListAppUITests.swift */,
				C3BFC41F29AD276B0071F73A /* TodoListAppUITestsLaunchTests.swift */,
			);
			path = TodoListAppUITests;
			sourceTree = "<group>";
		};
		C3BFC42C29AD49250071F73A /* Todo List */ = {
			isa = PBXGroup;
			children = (
				C3BFC43129AD49EF0071F73A /* Models */,
				C3BFC43029AD49A50071F73A /* Repositories */,
				C3BFC42F29AD49830071F73A /* Controllers */,
				C3BFC42E29AD496C0071F73A /* ViewModels */,
				C3BFC42D29AD49470071F73A /* Services */,
			);
			path = "Todo List";
			sourceTree = "<group>";
		};
		C3BFC42D29AD49470071F73A /* Services */ = {
			isa = PBXGroup;
			children = (
			);
			path = Services;
			sourceTree = "<group>";
		};
		C3BFC42E29AD496C0071F73A /* ViewModels */ = {
			isa = PBXGroup;
			children = (
			);
			path = ViewModels;
			sourceTree = "<group>";
		};
		C3BFC42F29AD49830071F73A /* Controllers */ = {
			isa = PBXGroup;
			children = (
			);
			path = Controllers;
			sourceTree = "<group>";
		};
		C3BFC43029AD49A50071F73A /* Repositories */ = {
			isa = PBXGroup;
			children = (
			);
			path = Repositories;
			sourceTree = "<group>";
		};
		C3BFC43129AD49EF0071F73A /* Models */ = {
			isa = PBXGroup;
			children = (
			);
			path = Models;
			sourceTree = "<group>";
		};
/* End PBXGroup section */

/* Begin PBXNativeTarget section */
		C3BFC3F829AD27670071F73A /* TodoListApp */ = {
			isa = PBXNativeTarget;
			buildConfigurationList = C3BFC42329AD276B0071F73A /* Build configuration list for PBXNativeTarget "TodoListApp" */;
			buildPhases = (
				C3BFC3F529AD27670071F73A /* Sources */,
				C3BFC3F629AD27670071F73A /* Frameworks */,
				C3BFC3F729AD27670071F73A /* Resources */,
			);
			buildRules = (
			);
			dependencies = (
			);
			name = TodoListApp;
			productName = TodoListApp;
			productReference = C3BFC3F929AD27680071F73A /* TodoListApp.app */;
			productType = "com.apple.product-type.application";
		};
		C3BFC40E29AD276B0071F73A /* TodoListAppTests */ = {
			isa = PBXNativeTarget;
			buildConfigurationList = C3BFC42629AD276B0071F73A /* Build configuration list for PBXNativeTarget "TodoListAppTests" */;
			buildPhases = (
				C3BFC40B29AD276B0071F73A /* Sources */,
				C3BFC40C29AD276B0071F73A /* Frameworks */,
				C3BFC40D29AD276B0071F73A /* Resources */,
			);
			buildRules = (
			);
			dependencies = (
				C3BFC41129AD276B0071F73A /* PBXTargetDependency */,
			);
			name = TodoListAppTests;
			productName = TodoListAppTests;
			productReference = C3BFC40F29AD276B0071F73A /* TodoListAppTests.xctest */;
			productType = "com.apple.product-type.bundle.unit-test";
		};
		C3BFC41829AD276B0071F73A /* TodoListAppUITests */ = {
			isa = PBXNativeTarget;
			buildConfigurationList = C3BFC42929AD276B0071F73A /* Build configuration list for PBXNativeTarget "TodoListAppUITests" */;
			buildPhases = (
				C3BFC41529AD276B0071F73A /* Sources */,
				C3BFC41629AD276B0071F73A /* Frameworks */,
				C3BFC41729AD276B0071F73A /* Resources */,
			);
			buildRules = (
			);
			dependencies = (
				C3BFC41B29AD276B0071F73A /* PBXTargetDependency */,
			);
			name = TodoListAppUITests;
			productName = TodoListAppUITests;
			productReference = C3BFC41929AD276B0071F73A /* TodoListAppUITests.xctest */;
			productType = "com.apple.product-type.bundle.ui-testing";
		};
/* End PBXNativeTarget section */

/* Begin PBXProject section */
		C3BFC3F129AD27670071F73A /* Project object */ = {
			isa = PBXProject;
			attributes = {
				BuildIndependentTargetsInParallel = 1;
				LastSwiftUpdateCheck = 1400;
				LastUpgradeCheck = 1400;
				TargetAttributes = {
					C3BFC3F829AD27670071F73A = {
						CreatedOnToolsVersion = 14.0;
					};
					C3BFC40E29AD276B0071F73A = {
						CreatedOnToolsVersion = 14.0;
						TestTargetID = C3BFC3F829AD27670071F73A;
					};
					C3BFC41829AD276B0071F73A = {
						CreatedOnToolsVersion = 14.0;
						TestTargetID = C3BFC3F829AD27670071F73A;
					};
				};
			};
			buildConfigurationList = C3BFC3F429AD27670071F73A /* Build configuration list for PBXProject "TodoListApp" */;
			compatibilityVersion = "Xcode 14.0";
			developmentRegion = en;
			hasScannedForEncodings = 0;
			knownRegions = (
				en,
				Base,
			);
			mainGroup = C3BFC3F029AD27670071F73A;
			productRefGroup = C3BFC3FA29AD27680071F73A /* Products */;
			projectDirPath = "";
			projectRoot = "";
			targets = (
				C3BFC3F829AD27670071F73A /* TodoListApp */,
				C3BFC40E29AD276B0071F73A /* TodoListAppTests */,
				C3BFC41829AD276B0071F73A /* TodoListAppUITests */,
			);
		};
/* End PBXProject section */

/* Begin PBXResourcesBuildPhase section */
		C3BFC3F729AD27670071F73A /* Resources */ = {
			isa = PBXResourcesBuildPhase;
			buildActionMask = 2147483647;
			files = (
				C3BFC40929AD276B0071F73A /* LaunchScreen.storyboard in Resources */,
				C3BFC40629AD276A0071F73A /* Assets.xcassets in Resources */,
				C3BFC40429AD27680071F73A /* Main.storyboard in Resources */,
			);
			runOnlyForDeploymentPostprocessing = 0;
		};
		C3BFC40D29AD276B0071F73A /* Resources */ = {
			isa = PBXResourcesBuildPhase;
			buildActionMask = 2147483647;
			files = (
			);
			runOnlyForDeploymentPostprocessing = 0;
		};
		C3BFC41729AD276B0071F73A /* Resources */ = {
			isa = PBXResourcesBuildPhase;
			buildActionMask = 2147483647;
			files = (
			);
			runOnlyForDeploymentPostprocessing = 0;
		};
/* End PBXResourcesBuildPhase section */

/* Begin PBXSourcesBuildPhase section */
		C3BFC3F529AD27670071F73A /* Sources */ = {
			isa = PBXSourcesBuildPhase;
			buildActionMask = 2147483647;
			files = (
				C3BFC40129AD27680071F73A /* ViewController.swift in Sources */,
				C3BFC3FD29AD27680071F73A /* AppDelegate.swift in Sources */,
				C3BFC3FF29AD27680071F73A /* SceneDelegate.swift in Sources */,
			);
			runOnlyForDeploymentPostprocessing = 0;
		};
		C3BFC40B29AD276B0071F73A /* Sources */ = {
			isa = PBXSourcesBuildPhase;
			buildActionMask = 2147483647;
			files = (
				C3BFC41429AD276B0071F73A /* TodoListAppTests.swift in Sources */,
			);
			runOnlyForDeploymentPostprocessing = 0;
		};
		C3BFC41529AD276B0071F73A /* Sources */ = {
			isa = PBXSourcesBuildPhase;
			buildActionMask = 2147483647;
			files = (
				C3BFC42029AD276B0071F73A /* TodoListAppUITestsLaunchTests.swift in Sources */,
				C3BFC41E29AD276B0071F73A /* TodoListAppUITests.swift in Sources */,
			);
			runOnlyForDeploymentPostprocessing = 0;
		};
/* End PBXSourcesBuildPhase section */

/* Begin PBXTargetDependency section */
		C3BFC41129AD276B0071F73A /* PBXTargetDependency */ = {
			isa = PBXTargetDependency;
			target = C3BFC3F829AD27670071F73A /* TodoListApp */;
			targetProxy = C3BFC41029AD276B0071F73A /* PBXContainerItemProxy */;
		};
		C3BFC41B29AD276B0071F73A /* PBXTargetDependency */ = {
			isa = PBXTargetDependency;
			target = C3BFC3F829AD27670071F73A /* TodoListApp */;
			targetProxy = C3BFC41A29AD276B0071F73A /* PBXContainerItemProxy */;
		};
/* End PBXTargetDependency section */

/* Begin PBXVariantGroup section */
		C3BFC40229AD27680071F73A /* Main.storyboard */ = {
			isa = PBXVariantGroup;
			children = (
				C3BFC40329AD27680071F73A /* Base */,
			);
			name = Main.storyboard;
			sourceTree = "<group>";
		};
		C3BFC40729AD276B0071F73A /* LaunchScreen.storyboard */ = {
			isa = PBXVariantGroup;
			children = (
				C3BFC40829AD276B0071F73A /* Base */,
			);
			name = LaunchScreen.storyboard;
			sourceTree = "<group>";
		};
/* End PBXVariantGroup section */

/* Begin XCBuildConfiguration section */
		C3BFC42129AD276B0071F73A /* Debug */ = {
			isa = XCBuildConfiguration;
			buildSettings = {
				ALWAYS_SEARCH_USER_PATHS = NO;
				CLANG_ANALYZER_NONNULL = YES;
				CLANG_ANALYZER_NUMBER_OBJECT_CONVERSION = YES_AGGRESSIVE;
				CLANG_CXX_LANGUAGE_STANDARD = "gnu++20";
				CLANG_ENABLE_MODULES = YES;
				CLANG_ENABLE_OBJC_ARC = YES;
				CLANG_ENABLE_OBJC_WEAK = YES;
				CLANG_WARN_BLOCK_CAPTURE_AUTORELEASING = YES;
				CLANG_WARN_BOOL_CONVERSION = YES;
				CLANG_WARN_COMMA = YES;
				CLANG_WARN_CONSTANT_CONVERSION = YES;
				CLANG_WARN_DEPRECATED_OBJC_IMPLEMENTATIONS = YES;
				CLANG_WARN_DIRECT_OBJC_ISA_USAGE = YES_ERROR;
				CLANG_WARN_DOCUMENTATION_COMMENTS = YES;
				CLANG_WARN_EMPTY_BODY = YES;
				CLANG_WARN_ENUM_CONVERSION = YES;
				CLANG_WARN_INFINITE_RECURSION = YES;
				CLANG_WARN_INT_CONVERSION = YES;
				CLANG_WARN_NON_LITERAL_NULL_CONVERSION = YES;
				CLANG_WARN_OBJC_IMPLICIT_RETAIN_SELF = YES;
				CLANG_WARN_OBJC_LITERAL_CONVERSION = YES;
				CLANG_WARN_OBJC_ROOT_CLASS = YES_ERROR;
				CLANG_WARN_QUOTED_INCLUDE_IN_FRAMEWORK_HEADER = YES;
				CLANG_WARN_RANGE_LOOP_ANALYSIS = YES;
				CLANG_WARN_STRICT_PROTOTYPES = YES;
				CLANG_WARN_SUSPICIOUS_MOVE = YES;
				CLANG_WARN_UNGUARDED_AVAILABILITY = YES_AGGRESSIVE;
				CLANG_WARN_UNREACHABLE_CODE = YES;
				CLANG_WARN__DUPLICATE_METHOD_MATCH = YES;
				COPY_PHASE_STRIP = NO;
				DEBUG_INFORMATION_FORMAT = dwarf;
				ENABLE_STRICT_OBJC_MSGSEND = YES;
				ENABLE_TESTABILITY = YES;
				GCC_C_LANGUAGE_STANDARD = gnu11;
				GCC_DYNAMIC_NO_PIC = NO;
				GCC_NO_COMMON_BLOCKS = YES;
				GCC_OPTIMIZATION_LEVEL = 0;
				GCC_PREPROCESSOR_DEFINITIONS = (
					"DEBUG=1",
					"$(inherited)",
				);
				GCC_WARN_64_TO_32_BIT_CONVERSION = YES;
				GCC_WARN_ABOUT_RETURN_TYPE = YES_ERROR;
				GCC_WARN_UNDECLARED_SELECTOR = YES;
				GCC_WARN_UNINITIALIZED_AUTOS = YES_AGGRESSIVE;
				GCC_WARN_UNUSED_FUNCTION = YES;
				GCC_WARN_UNUSED_VARIABLE = YES;
				IPHONEOS_DEPLOYMENT_TARGET = 16.0;
				MTL_ENABLE_DEBUG_INFO = INCLUDE_SOURCE;
				MTL_FAST_MATH = YES;
				ONLY_ACTIVE_ARCH = YES;
				SDKROOT = iphoneos;
				SWIFT_ACTIVE_COMPILATION_CONDITIONS = DEBUG;
				SWIFT_OPTIMIZATION_LEVEL = "-Onone";
			};
			name = Debug;
		};
		C3BFC42229AD276B0071F73A /* Release */ = {
			isa = XCBuildConfiguration;
			buildSettings = {
				ALWAYS_SEARCH_USER_PATHS = NO;
				CLANG_ANALYZER_NONNULL = YES;
				CLANG_ANALYZER_NUMBER_OBJECT_CONVERSION = YES_AGGRESSIVE;
				CLANG_CXX_LANGUAGE_STANDARD = "gnu++20";
				CLANG_ENABLE_MODULES = YES;
				CLANG_ENABLE_OBJC_ARC = YES;
				CLANG_ENABLE_OBJC_WEAK = YES;
				CLANG_WARN_BLOCK_CAPTURE_AUTORELEASING = YES;
				CLANG_WARN_BOOL_CONVERSION = YES;
				CLANG_WARN_COMMA = YES;
				CLANG_WARN_CONSTANT_CONVERSION = YES;
				CLANG_WARN_DEPRECATED_OBJC_IMPLEMENTATIONS = YES;
				CLANG_WARN_DIRECT_OBJC_ISA_USAGE = YES_ERROR;
				CLANG_WARN_DOCUMENTATION_COMMENTS = YES;
				CLANG_WARN_EMPTY_BODY = YES;
				CLANG_WARN_ENUM_CONVERSION = YES;
				CLANG_WARN_INFINITE_RECURSION = YES;
				CLANG_WARN_INT_CONVERSION = YES;
				CLANG_WARN_NON_LITERAL_NULL_CONVERSION = YES;
				CLANG_WARN_OBJC_IMPLICIT_RETAIN_SELF = YES;
				CLANG_WARN_OBJC_LITERAL_CONVERSION = YES;
				CLANG_WARN_OBJC_ROOT_CLASS = YES_ERROR;
				CLANG_WARN_QUOTED_INCLUDE_IN_FRAMEWORK_HEADER = YES;
				CLANG_WARN_RANGE_LOOP_ANALYSIS = YES;
				CLANG_WARN_STRICT_PROTOTYPES = YES;
				CLANG_WARN_SUSPICIOUS_MOVE = YES;
				CLANG_WARN_UNGUARDED_AVAILABILITY = YES_AGGRESSIVE;
				CLANG_WARN_UNREACHABLE_CODE = YES;
				CLANG_WARN__DUPLICATE_METHOD_MATCH = YES;
				COPY_PHASE_STRIP = NO;
				DEBUG_INFORMATION_FORMAT = "dwarf-with-dsym";
				ENABLE_NS_ASSERTIONS = NO;
				ENABLE_STRICT_OBJC_MSGSEND = YES;
				GCC_C_LANGUAGE_STANDARD = gnu11;
				GCC_NO_COMMON_BLOCKS = YES;
				GCC_WARN_64_TO_32_BIT_CONVERSION = YES;
				GCC_WARN_ABOUT_RETURN_TYPE = YES_ERROR;
				GCC_WARN_UNDECLARED_SELECTOR = YES;
				GCC_WARN_UNINITIALIZED_AUTOS = YES_AGGRESSIVE;
				GCC_WARN_UNUSED_FUNCTION = YES;
				GCC_WARN_UNUSED_VARIABLE = YES;
				IPHONEOS_DEPLOYMENT_TARGET = 16.0;
				MTL_ENABLE_DEBUG_INFO = NO;
				MTL_FAST_MATH = YES;
				SDKROOT = iphoneos;
				SWIFT_COMPILATION_MODE = wholemodule;
				SWIFT_OPTIMIZATION_LEVEL = "-O";
				VALIDATE_PRODUCT = YES;
			};
			name = Release;
		};
		C3BFC42429AD276B0071F73A /* Debug */ = {
			isa = XCBuildConfiguration;
			buildSettings = {
				ASSETCATALOG_COMPILER_APPICON_NAME = AppIcon;
				ASSETCATALOG_COMPILER_GLOBAL_ACCENT_COLOR_NAME = AccentColor;
				CODE_SIGN_STYLE = Automatic;
				CURRENT_PROJECT_VERSION = 1;
				DEVELOPMENT_TEAM = PNX9HSN9VY;
				GENERATE_INFOPLIST_FILE = YES;
				INFOPLIST_FILE = TodoListApp/Info.plist;
				INFOPLIST_KEY_UIApplicationSupportsIndirectInputEvents = YES;
				INFOPLIST_KEY_UILaunchStoryboardName = LaunchScreen;
				INFOPLIST_KEY_UIMainStoryboardFile = Main;
				INFOPLIST_KEY_UISupportedInterfaceOrientations_iPad = "UIInterfaceOrientationPortrait UIInterfaceOrientationPortraitUpsideDown UIInterfaceOrientationLandscapeLeft UIInterfaceOrientationLandscapeRight";
				INFOPLIST_KEY_UISupportedInterfaceOrientations_iPhone = "UIInterfaceOrientationPortrait UIInterfaceOrientationLandscapeLeft UIInterfaceOrientationLandscapeRight";
				LD_RUNPATH_SEARCH_PATHS = (
					"$(inherited)",
					"@executable_path/Frameworks",
				);
				MARKETING_VERSION = 1.0;
				PRODUCT_BUNDLE_IDENTIFIER = "com.first.-TodoListApp.TodoListApp";
				PRODUCT_NAME = "$(TARGET_NAME)";
				SWIFT_EMIT_LOC_STRINGS = YES;
				SWIFT_VERSION = 5.0;
				TARGETED_DEVICE_FAMILY = "1,2";
			};
			name = Debug;
		};
		C3BFC42529AD276B0071F73A /* Release */ = {
			isa = XCBuildConfiguration;
			buildSettings = {
				ASSETCATALOG_COMPILER_APPICON_NAME = AppIcon;
				ASSETCATALOG_COMPILER_GLOBAL_ACCENT_COLOR_NAME = AccentColor;
				CODE_SIGN_STYLE = Automatic;
				CURRENT_PROJECT_VERSION = 1;
				DEVELOPMENT_TEAM = PNX9HSN9VY;
				GENERATE_INFOPLIST_FILE = YES;
				INFOPLIST_FILE = TodoListApp/Info.plist;
				INFOPLIST_KEY_UIApplicationSupportsIndirectInputEvents = YES;
				INFOPLIST_KEY_UILaunchStoryboardName = LaunchScreen;
				INFOPLIST_KEY_UIMainStoryboardFile = Main;
				INFOPLIST_KEY_UISupportedInterfaceOrientations_iPad = "UIInterfaceOrientationPortrait UIInterfaceOrientationPortraitUpsideDown UIInterfaceOrientationLandscapeLeft UIInterfaceOrientationLandscapeRight";
				INFOPLIST_KEY_UISupportedInterfaceOrientations_iPhone = "UIInterfaceOrientationPortrait UIInterfaceOrientationLandscapeLeft UIInterfaceOrientationLandscapeRight";
				LD_RUNPATH_SEARCH_PATHS = (
					"$(inherited)",
					"@executable_path/Frameworks",
				);
				MARKETING_VERSION = 1.0;
				PRODUCT_BUNDLE_IDENTIFIER = "com.first.-TodoListApp.TodoListApp";
				PRODUCT_NAME = "$(TARGET_NAME)";
				SWIFT_EMIT_LOC_STRINGS = YES;
				SWIFT_VERSION = 5.0;
				TARGETED_DEVICE_FAMILY = "1,2";
			};
			name = Release;
		};
		C3BFC42729AD276B0071F73A /* Debug */ = {
			isa = XCBuildConfiguration;
			buildSettings = {
				ALWAYS_EMBED_SWIFT_STANDARD_LIBRARIES = YES;
				BUNDLE_LOADER = "$(TEST_HOST)";
				CODE_SIGN_STYLE = Automatic;
				CURRENT_PROJECT_VERSION = 1;
				DEVELOPMENT_TEAM = PNX9HSN9VY;
				GENERATE_INFOPLIST_FILE = YES;
				IPHONEOS_DEPLOYMENT_TARGET = 16.0;
				MARKETING_VERSION = 1.0;
				PRODUCT_BUNDLE_IDENTIFIER = "com.first.-TodoListApp.TodoListAppTests";
				PRODUCT_NAME = "$(TARGET_NAME)";
				SWIFT_EMIT_LOC_STRINGS = NO;
				SWIFT_VERSION = 5.0;
				TARGETED_DEVICE_FAMILY = "1,2";
				TEST_HOST = "$(BUILT_PRODUCTS_DIR)/TodoListApp.app/$(BUNDLE_EXECUTABLE_FOLDER_PATH)/TodoListApp";
			};
			name = Debug;
		};
		C3BFC42829AD276B0071F73A /* Release */ = {
			isa = XCBuildConfiguration;
			buildSettings = {
				ALWAYS_EMBED_SWIFT_STANDARD_LIBRARIES = YES;
				BUNDLE_LOADER = "$(TEST_HOST)";
				CODE_SIGN_STYLE = Automatic;
				CURRENT_PROJECT_VERSION = 1;
				DEVELOPMENT_TEAM = PNX9HSN9VY;
				GENERATE_INFOPLIST_FILE = YES;
				IPHONEOS_DEPLOYMENT_TARGET = 16.0;
				MARKETING_VERSION = 1.0;
				PRODUCT_BUNDLE_IDENTIFIER = "com.first.-TodoListApp.TodoListAppTests";
				PRODUCT_NAME = "$(TARGET_NAME)";
				SWIFT_EMIT_LOC_STRINGS = NO;
				SWIFT_VERSION = 5.0;
				TARGETED_DEVICE_FAMILY = "1,2";
				TEST_HOST = "$(BUILT_PRODUCTS_DIR)/TodoListApp.app/$(BUNDLE_EXECUTABLE_FOLDER_PATH)/TodoListApp";
			};
			name = Release;
		};
		C3BFC42A29AD276B0071F73A /* Debug */ = {
			isa = XCBuildConfiguration;
			buildSettings = {
				ALWAYS_EMBED_SWIFT_STANDARD_LIBRARIES = YES;
				CODE_SIGN_STYLE = Automatic;
				CURRENT_PROJECT_VERSION = 1;
				DEVELOPMENT_TEAM = PNX9HSN9VY;
				GENERATE_INFOPLIST_FILE = YES;
				MARKETING_VERSION = 1.0;
				PRODUCT_BUNDLE_IDENTIFIER = "com.first.-TodoListApp.TodoListAppUITests";
				PRODUCT_NAME = "$(TARGET_NAME)";
				SWIFT_EMIT_LOC_STRINGS = NO;
				SWIFT_VERSION = 5.0;
				TARGETED_DEVICE_FAMILY = "1,2";
				TEST_TARGET_NAME = TodoListApp;
			};
			name = Debug;
		};
		C3BFC42B29AD276B0071F73A /* Release */ = {
			isa = XCBuildConfiguration;
			buildSettings = {
				ALWAYS_EMBED_SWIFT_STANDARD_LIBRARIES = YES;
				CODE_SIGN_STYLE = Automatic;
				CURRENT_PROJECT_VERSION = 1;
				DEVELOPMENT_TEAM = PNX9HSN9VY;
				GENERATE_INFOPLIST_FILE = YES;
				MARKETING_VERSION = 1.0;
				PRODUCT_BUNDLE_IDENTIFIER = "com.first.-TodoListApp.TodoListAppUITests";
				PRODUCT_NAME = "$(TARGET_NAME)";
				SWIFT_EMIT_LOC_STRINGS = NO;
				SWIFT_VERSION = 5.0;
				TARGETED_DEVICE_FAMILY = "1,2";
				TEST_TARGET_NAME = TodoListApp;
			};
			name = Release;
		};
/* End XCBuildConfiguration section */

/* Begin XCConfigurationList section */
		C3BFC3F429AD27670071F73A /* Build configuration list for PBXProject "TodoListApp" */ = {
			isa = XCConfigurationList;
			buildConfigurations = (
				C3BFC42129AD276B0071F73A /* Debug */,
				C3BFC42229AD276B0071F73A /* Release */,
			);
			defaultConfigurationIsVisible = 0;
			defaultConfigurationName = Release;
		};
		C3BFC42329AD276B0071F73A /* Build configuration list for PBXNativeTarget "TodoListApp" */ = {
			isa = XCConfigurationList;
			buildConfigurations = (
				C3BFC42429AD276B0071F73A /* Debug */,
				C3BFC42529AD276B0071F73A /* Release */,
			);
			defaultConfigurationIsVisible = 0;
			defaultConfigurationName = Release;
		};
		C3BFC42629AD276B0071F73A /* Build configuration list for PBXNativeTarget "TodoListAppTests" */ = {
			isa = XCConfigurationList;
			buildConfigurations = (
				C3BFC42729AD276B0071F73A /* Debug */,
				C3BFC42829AD276B0071F73A /* Release */,
			);
			defaultConfigurationIsVisible = 0;
			defaultConfigurationName = Release;
		};
		C3BFC42929AD276B0071F73A /* Build configuration list for PBXNativeTarget "TodoListAppUITests" */ = {
			isa = XCConfigurationList;
			buildConfigurations = (
				C3BFC42A29AD276B0071F73A /* Debug */,
				C3BFC42B29AD276B0071F73A /* Release */,
			);
			defaultConfigurationIsVisible = 0;
			defaultConfigurationName = Release;
		};
/* End XCConfigurationList section */
	};
	rootObject = C3BFC3F129AD27670071F73A /* Project object */;
}
